
Microsoft Visual Studio Solution File, Format Version 12.00
# Visual Studio Version 17
VisualStudioVersion = 17.5.33424.131
MinimumVisualStudioVersion = 10.0.40219.1
Project("{FAE04EC0-301F-11D3-BF4B-00C04F79EFBC}") = "OrnekProjeSql", "OrnekProjeSql\OrnekProjeSql.csproj", "{79ECE633-EA2B-45EB-95D0-1686CD39FB76}"
EndProject
Global
	GlobalSection(SolutionConfigurationPlatforms) = preSolution
		Debug|Any CPU = Debug|Any CPU
		Release|Any CPU = Release|Any CPU
	EndGlobalSection
	GlobalSection(ProjectConfigurationPlatforms) = postSolution
		{79ECE633-EA2B-45EB-95D0-1686CD39FB76}.Debug|Any CPU.ActiveCfg = Debug|Any CPU
		{79ECE633-EA2B-45EB-95D0-1686CD39FB76}.Debug|Any CPU.Build.0 = Debug|Any CPU
		{79ECE633-EA2B-45EB-95D0-1686CD39FB76}.Release|Any CPU.ActiveCfg = Release|Any CPU
		{79ECE633-EA2B-45EB-95D0-1686CD39FB76}.Release|Any CPU.Build.0 = Release|Any CPU
	EndGlobalSection
	GlobalSection(SolutionProperties) = preSolution
		HideSolutionNode = FALSE
	EndGlobalSection
	GlobalSection(ExtensibilityGlobals) = postSolution
		SolutionGuid = {25472DDC-5169-4C25-936B-7BF6B430FE25}
	EndGlobalSection
EndGlobal
